
Microsoft Visual Studio Solution File, Format Version 12.00
# Visual Studio Version 17
VisualStudioVersion = 17.10.35013.160
MinimumVisualStudioVersion = 10.0.40219.1
Project("{9A19103F-16F7-4668-BE54-9A1E7A4F7556}") = "StudentManagementSystem", "StudentManagementSystem\StudentManagementSystem.csproj", "{628B2171-2E50-4AF9-BFC4-3BEB2AEF4F05}"
EndProject
Global
	GlobalSection(SolutionConfigurationPlatforms) = preSolution
		Debug|Any CPU = Debug|Any CPU
		Release|Any CPU = Release|Any CPU
	EndGlobalSection
	GlobalSection(ProjectConfigurationPlatforms) = postSolution
		{628B2171-2E50-4AF9-BFC4-3BEB2AEF4F05}.Debug|Any CPU.ActiveCfg = Debug|Any CPU
		{628B2171-2E50-4AF9-BFC4-3BEB2AEF4F05}.Debug|Any CPU.Build.0 = Debug|Any CPU
		{628B2171-2E50-4AF9-BFC4-3BEB2AEF4F05}.Release|Any CPU.ActiveCfg = Release|Any CPU
		{628B2171-2E50-4AF9-BFC4-3BEB2AEF4F05}.Release|Any CPU.Build.0 = Release|Any CPU
	EndGlobalSection
	GlobalSection(SolutionProperties) = preSolution
		HideSolutionNode = FALSE
	EndGlobalSection
	GlobalSection(ExtensibilityGlobals) = postSolution
		SolutionGuid = {920A8CCC-4F30-4C76-9038-B4A643EA8ED5}
	EndGlobalSection
EndGlobal
